// !$*UTF8*$!
{
	archiveVersion = 1;
	classes = {
	};
	objectVersion = 51;
	objects = {

/* Begin PBXBuildFile section */
		356B52AE89F20942031710F5 /* Pods_AppointmentManager.framework in Frameworks */ = {isa = PBXBuildFile; fileRef = 0D3422974CD480260834EE53 /* Pods_AppointmentManager.framework */; };
		B505874F239BC308002D2785 /* UseExistingServiceViewController.swift in Sources */ = {isa = PBXBuildFile; fileRef = B505874E239BC308002D2785 /* UseExistingServiceViewController.swift */; };
		B5058751239D2A93002D2785 /* Staff.storyboard in Resources */ = {isa = PBXBuildFile; fileRef = B5058750239D2A93002D2785 /* Staff.storyboard */; };
		B5058753239D2B4C002D2785 /* Customers.storyboard in Resources */ = {isa = PBXBuildFile; fileRef = B5058752239D2B4C002D2785 /* Customers.storyboard */; };
		B5058755239D2C76002D2785 /* CustomersSplitViewController.swift in Sources */ = {isa = PBXBuildFile; fileRef = B5058754239D2C76002D2785 /* CustomersSplitViewController.swift */; };
		B5058758239D335E002D2785 /* AddCustomerViewController.swift in Sources */ = {isa = PBXBuildFile; fileRef = B5058757239D335E002D2785 /* AddCustomerViewController.swift */; };
		B527B327239146F500C70FBE /* WorkingDayCoreDataManager.swift in Sources */ = {isa = PBXBuildFile; fileRef = B527B326239146F500C70FBE /* WorkingDayCoreDataManager.swift */; };
		B53D526A239131EB00716057 /* CoreDataManager.swift in Sources */ = {isa = PBXBuildFile; fileRef = B53D5269239131EB00716057 /* CoreDataManager.swift */; };
		B53D526C2391345100716057 /* StaffMemberCoreDataManager.swift in Sources */ = {isa = PBXBuildFile; fileRef = B53D526B2391345100716057 /* StaffMemberCoreDataManager.swift */; };
		B53D8159238083390027D613 /* AddStaffMemberViewController.swift in Sources */ = {isa = PBXBuildFile; fileRef = B53D8158238083390027D613 /* AddStaffMemberViewController.swift */; };
		B543B1A123A2410B0033B55A /* CustomerDetailsViewController.swift in Sources */ = {isa = PBXBuildFile; fileRef = B543B1A023A2410B0033B55A /* CustomerDetailsViewController.swift */; };
		B543B1A323A241CD0033B55A /* ShowPrivacyPolicyViewController.swift in Sources */ = {isa = PBXBuildFile; fileRef = B543B1A223A241CD0033B55A /* ShowPrivacyPolicyViewController.swift */; };
		B543B1A523A271150033B55A /* Calendar.storyboard in Resources */ = {isa = PBXBuildFile; fileRef = B543B1A423A271150033B55A /* Calendar.storyboard */; };
		B543B1A723A277B10033B55A /* DateCell.swift in Sources */ = {isa = PBXBuildFile; fileRef = B543B1A623A277B10033B55A /* DateCell.swift */; };
		B543B1A923A2782B0033B55A /* CalendarViewController.swift in Sources */ = {isa = PBXBuildFile; fileRef = B543B1A823A2782B0033B55A /* CalendarViewController.swift */; };
		B543B1AB23A2957C0033B55A /* DateHeader.swift in Sources */ = {isa = PBXBuildFile; fileRef = B543B1AA23A2957C0033B55A /* DateHeader.swift */; };
		B54C29592380077600B47C9C /* AppDelegate.swift in Sources */ = {isa = PBXBuildFile; fileRef = B54C29582380077600B47C9C /* AppDelegate.swift */; };
		B54C295B2380077600B47C9C /* SceneDelegate.swift in Sources */ = {isa = PBXBuildFile; fileRef = B54C295A2380077600B47C9C /* SceneDelegate.swift */; };
		B54C29602380077600B47C9C /* Main.storyboard in Resources */ = {isa = PBXBuildFile; fileRef = B54C295E2380077600B47C9C /* Main.storyboard */; };
		B54C29632380077600B47C9C /* AppointmentManager.xcdatamodeld in Sources */ = {isa = PBXBuildFile; fileRef = B54C29612380077600B47C9C /* AppointmentManager.xcdatamodeld */; };
		B54C29652380077B00B47C9C /* Assets.xcassets in Resources */ = {isa = PBXBuildFile; fileRef = B54C29642380077B00B47C9C /* Assets.xcassets */; };
		B54C29682380077B00B47C9C /* LaunchScreen.storyboard in Resources */ = {isa = PBXBuildFile; fileRef = B54C29662380077B00B47C9C /* LaunchScreen.storyboard */; };
		B567CE6D239FCBA20067C7B1 /* CustomerCoreDataManager.swift in Sources */ = {isa = PBXBuildFile; fileRef = B567CE6C239FCBA20067C7B1 /* CustomerCoreDataManager.swift */; };
		B567CE6F239FD07A0067C7B1 /* CustomersTableViewController.swift in Sources */ = {isa = PBXBuildFile; fileRef = B567CE6E239FD07A0067C7B1 /* CustomersTableViewController.swift */; };
		B567CE75239FD6270067C7B1 /* Settings.storyboard in Resources */ = {isa = PBXBuildFile; fileRef = B567CE74239FD6270067C7B1 /* Settings.storyboard */; };
		B567CE77239FD7CC0067C7B1 /* SettingsViewController.swift in Sources */ = {isa = PBXBuildFile; fileRef = B567CE76239FD7CC0067C7B1 /* SettingsViewController.swift */; };
		B567CE79239FE2B30067C7B1 /* SignPrivacyPolicyViewController.swift in Sources */ = {isa = PBXBuildFile; fileRef = B567CE78239FE2B30067C7B1 /* SignPrivacyPolicyViewController.swift */; };
		B567CE81239FF76A0067C7B1 /* DrawingGestureRecognizer.swift in Sources */ = {isa = PBXBuildFile; fileRef = B567CE80239FF76A0067C7B1 /* DrawingGestureRecognizer.swift */; };
		B567CE83239FF8660067C7B1 /* PDFDrawer.swift in Sources */ = {isa = PBXBuildFile; fileRef = B567CE82239FF8660067C7B1 /* PDFDrawer.swift */; };
		B567CE85239FF9540067C7B1 /* NonSelectablePDFView.swift in Sources */ = {isa = PBXBuildFile; fileRef = B567CE84239FF9540067C7B1 /* NonSelectablePDFView.swift */; };
		B593954523842B71001B67D5 /* Day.swift in Sources */ = {isa = PBXBuildFile; fileRef = B593954423842B71001B67D5 /* Day.swift */; };
		B593954F23844649001B67D5 /* CloudKit.framework in Frameworks */ = {isa = PBXBuildFile; fileRef = B593954E23844649001B67D5 /* CloudKit.framework */; };
		B5CBD04A23A3A7BC00A0B6C5 /* DayViewController.swift in Sources */ = {isa = PBXBuildFile; fileRef = B5CBD04923A3A7BC00A0B6C5 /* DayViewController.swift */; };
		B5CBD04C23A3B1CB00A0B6C5 /* DayTableViewCell.swift in Sources */ = {isa = PBXBuildFile; fileRef = B5CBD04B23A3B1CB00A0B6C5 /* DayTableViewCell.swift */; };
		B5CBD04E23A3D5B000A0B6C5 /* DayUtils.swift in Sources */ = {isa = PBXBuildFile; fileRef = B5CBD04D23A3D5B000A0B6C5 /* DayUtils.swift */; };
		B5F6E0F223968CE10088CFF7 /* StaffSplitViewController.swift in Sources */ = {isa = PBXBuildFile; fileRef = B5F6E0F123968CE10088CFF7 /* StaffSplitViewController.swift */; };
		B5F6E0F423968FA30088CFF7 /* StaffMembersTableViewController.swift in Sources */ = {isa = PBXBuildFile; fileRef = B5F6E0F323968FA30088CFF7 /* StaffMembersTableViewController.swift */; };
		B5F6E0F6239694910088CFF7 /* StaffMemberDetailViewController.swift in Sources */ = {isa = PBXBuildFile; fileRef = B5F6E0F5239694910088CFF7 /* StaffMemberDetailViewController.swift */; };
		B5F6E0FA239908D70088CFF7 /* UITextFieldUnderlined.xib in Resources */ = {isa = PBXBuildFile; fileRef = B5F6E0F9239908D70088CFF7 /* UITextFieldUnderlined.xib */; };
		B5F6E0FC239908F80088CFF7 /* UITextFieldUnderlined.swift in Sources */ = {isa = PBXBuildFile; fileRef = B5F6E0FB239908F80088CFF7 /* UITextFieldUnderlined.swift */; };
		B5F6E0FE239990060088CFF7 /* DayScheduleReadOnlyView.swift in Sources */ = {isa = PBXBuildFile; fileRef = B5F6E0FD239990060088CFF7 /* DayScheduleReadOnlyView.swift */; };
		B5F6E100239A95A60088CFF7 /* ServiceListViewController.swift in Sources */ = {isa = PBXBuildFile; fileRef = B5F6E0FF239A95A60088CFF7 /* ServiceListViewController.swift */; };
		B5F6E102239A99990088CFF7 /* AddServiceViewController.swift in Sources */ = {isa = PBXBuildFile; fileRef = B5F6E101239A99990088CFF7 /* AddServiceViewController.swift */; };
		B5F6E104239ABAD80088CFF7 /* ServiceCoreDataManager.swift in Sources */ = {isa = PBXBuildFile; fileRef = B5F6E103239ABAD80088CFF7 /* ServiceCoreDataManager.swift */; };
		B5FB448F2381C4AB0050194E /* DayScheduleStackView.xib in Resources */ = {isa = PBXBuildFile; fileRef = B5FB448E2381C4AB0050194E /* DayScheduleStackView.xib */; };
		B5FB44912381C5C60050194E /* DayScheduleStackView.swift in Sources */ = {isa = PBXBuildFile; fileRef = B5FB44902381C5C60050194E /* DayScheduleStackView.swift */; };
		B5FB44932381CC320050194E /* HourPickerStackView.xib in Resources */ = {isa = PBXBuildFile; fileRef = B5FB44922381CC320050194E /* HourPickerStackView.xib */; };
		B5FB44952381CCB20050194E /* HourPickerStackView.swift in Sources */ = {isa = PBXBuildFile; fileRef = B5FB44942381CCB20050194E /* HourPickerStackView.swift */; };
/* End PBXBuildFile section */

/* Begin PBXFileReference section */
		0D3422974CD480260834EE53 /* Pods_AppointmentManager.framework */ = {isa = PBXFileReference; explicitFileType = wrapper.framework; includeInIndex = 0; path = Pods_AppointmentManager.framework; sourceTree = BUILT_PRODUCTS_DIR; };
		771666E569DE4DB40CC3FD1C /* Pods-AppointmentManager.debug.xcconfig */ = {isa = PBXFileReference; includeInIndex = 1; lastKnownFileType = text.xcconfig; name = "Pods-AppointmentManager.debug.xcconfig"; path = "Target Support Files/Pods-AppointmentManager/Pods-AppointmentManager.debug.xcconfig"; sourceTree = "<group>"; };
		8C7717F5C5F7025CDF60E644 /* Pods-AppointmentManager.release.xcconfig */ = {isa = PBXFileReference; includeInIndex = 1; lastKnownFileType = text.xcconfig; name = "Pods-AppointmentManager.release.xcconfig"; path = "Target Support Files/Pods-AppointmentManager/Pods-AppointmentManager.release.xcconfig"; sourceTree = "<group>"; };
		B505874E239BC308002D2785 /* UseExistingServiceViewController.swift */ = {isa = PBXFileReference; lastKnownFileType = sourcecode.swift; path = UseExistingServiceViewController.swift; sourceTree = "<group>"; };
		B5058750239D2A93002D2785 /* Staff.storyboard */ = {isa = PBXFileReference; lastKnownFileType = file.storyboard; path = Staff.storyboard; sourceTree = "<group>"; };
		B5058752239D2B4C002D2785 /* Customers.storyboard */ = {isa = PBXFileReference; lastKnownFileType = file.storyboard; path = Customers.storyboard; sourceTree = "<group>"; };
		B5058754239D2C76002D2785 /* CustomersSplitViewController.swift */ = {isa = PBXFileReference; lastKnownFileType = sourcecode.swift; path = CustomersSplitViewController.swift; sourceTree = "<group>"; };
		B5058757239D335E002D2785 /* AddCustomerViewController.swift */ = {isa = PBXFileReference; lastKnownFileType = sourcecode.swift; path = AddCustomerViewController.swift; sourceTree = "<group>"; };
		B527B326239146F500C70FBE /* WorkingDayCoreDataManager.swift */ = {isa = PBXFileReference; lastKnownFileType = sourcecode.swift; path = WorkingDayCoreDataManager.swift; sourceTree = "<group>"; };
		B53D5269239131EB00716057 /* CoreDataManager.swift */ = {isa = PBXFileReference; lastKnownFileType = sourcecode.swift; path = CoreDataManager.swift; sourceTree = "<group>"; };
		B53D526B2391345100716057 /* StaffMemberCoreDataManager.swift */ = {isa = PBXFileReference; lastKnownFileType = sourcecode.swift; path = StaffMemberCoreDataManager.swift; sourceTree = "<group>"; };
		B53D8158238083390027D613 /* AddStaffMemberViewController.swift */ = {isa = PBXFileReference; lastKnownFileType = sourcecode.swift; path = AddStaffMemberViewController.swift; sourceTree = "<group>"; };
		B543B1A023A2410B0033B55A /* CustomerDetailsViewController.swift */ = {isa = PBXFileReference; lastKnownFileType = sourcecode.swift; path = CustomerDetailsViewController.swift; sourceTree = "<group>"; };
		B543B1A223A241CD0033B55A /* ShowPrivacyPolicyViewController.swift */ = {isa = PBXFileReference; lastKnownFileType = sourcecode.swift; path = ShowPrivacyPolicyViewController.swift; sourceTree = "<group>"; };
		B543B1A423A271150033B55A /* Calendar.storyboard */ = {isa = PBXFileReference; lastKnownFileType = file.storyboard; path = Calendar.storyboard; sourceTree = "<group>"; };
		B543B1A623A277B10033B55A /* DateCell.swift */ = {isa = PBXFileReference; lastKnownFileType = sourcecode.swift; path = DateCell.swift; sourceTree = "<group>"; };
		B543B1A823A2782B0033B55A /* CalendarViewController.swift */ = {isa = PBXFileReference; lastKnownFileType = sourcecode.swift; path = CalendarViewController.swift; sourceTree = "<group>"; };
		B543B1AA23A2957C0033B55A /* DateHeader.swift */ = {isa = PBXFileReference; lastKnownFileType = sourcecode.swift; path = DateHeader.swift; sourceTree = "<group>"; };
		B54C29552380077600B47C9C /* AppointmentManager.app */ = {isa = PBXFileReference; explicitFileType = wrapper.application; includeInIndex = 0; path = AppointmentManager.app; sourceTree = BUILT_PRODUCTS_DIR; };
		B54C29582380077600B47C9C /* AppDelegate.swift */ = {isa = PBXFileReference; lastKnownFileType = sourcecode.swift; path = AppDelegate.swift; sourceTree = "<group>"; };
		B54C295A2380077600B47C9C /* SceneDelegate.swift */ = {isa = PBXFileReference; lastKnownFileType = sourcecode.swift; path = SceneDelegate.swift; sourceTree = "<group>"; };
		B54C295F2380077600B47C9C /* Base */ = {isa = PBXFileReference; lastKnownFileType = file.storyboard; name = Base; path = Base.lproj/Main.storyboard; sourceTree = "<group>"; };
		B54C29622380077600B47C9C /* AppointmentManager.xcdatamodel */ = {isa = PBXFileReference; lastKnownFileType = wrapper.xcdatamodel; path = AppointmentManager.xcdatamodel; sourceTree = "<group>"; };
		B54C29642380077B00B47C9C /* Assets.xcassets */ = {isa = PBXFileReference; lastKnownFileType = folder.assetcatalog; path = Assets.xcassets; sourceTree = "<group>"; };
		B54C29672380077B00B47C9C /* Base */ = {isa = PBXFileReference; lastKnownFileType = file.storyboard; name = Base; path = Base.lproj/LaunchScreen.storyboard; sourceTree = "<group>"; };
		B54C29692380077B00B47C9C /* Info.plist */ = {isa = PBXFileReference; lastKnownFileType = text.plist.xml; path = Info.plist; sourceTree = "<group>"; };
		B567CE6C239FCBA20067C7B1 /* CustomerCoreDataManager.swift */ = {isa = PBXFileReference; lastKnownFileType = sourcecode.swift; path = CustomerCoreDataManager.swift; sourceTree = "<group>"; };
		B567CE6E239FD07A0067C7B1 /* CustomersTableViewController.swift */ = {isa = PBXFileReference; lastKnownFileType = sourcecode.swift; path = CustomersTableViewController.swift; sourceTree = "<group>"; };
		B567CE74239FD6270067C7B1 /* Settings.storyboard */ = {isa = PBXFileReference; lastKnownFileType = file.storyboard; path = Settings.storyboard; sourceTree = "<group>"; };
		B567CE76239FD7CC0067C7B1 /* SettingsViewController.swift */ = {isa = PBXFileReference; lastKnownFileType = sourcecode.swift; path = SettingsViewController.swift; sourceTree = "<group>"; };
		B567CE78239FE2B30067C7B1 /* SignPrivacyPolicyViewController.swift */ = {isa = PBXFileReference; lastKnownFileType = sourcecode.swift; path = SignPrivacyPolicyViewController.swift; sourceTree = "<group>"; };
		B567CE80239FF76A0067C7B1 /* DrawingGestureRecognizer.swift */ = {isa = PBXFileReference; lastKnownFileType = sourcecode.swift; path = DrawingGestureRecognizer.swift; sourceTree = "<group>"; };
		B567CE82239FF8660067C7B1 /* PDFDrawer.swift */ = {isa = PBXFileReference; lastKnownFileType = sourcecode.swift; path = PDFDrawer.swift; sourceTree = "<group>"; };
		B567CE84239FF9540067C7B1 /* NonSelectablePDFView.swift */ = {isa = PBXFileReference; lastKnownFileType = sourcecode.swift; path = NonSelectablePDFView.swift; sourceTree = "<group>"; };
		B593954423842B71001B67D5 /* Day.swift */ = {isa = PBXFileReference; lastKnownFileType = sourcecode.swift; path = Day.swift; sourceTree = "<group>"; };
		B593954D23844644001B67D5 /* AppointmentManager.entitlements */ = {isa = PBXFileReference; lastKnownFileType = text.plist.entitlements; path = AppointmentManager.entitlements; sourceTree = "<group>"; };
		B593954E23844649001B67D5 /* CloudKit.framework */ = {isa = PBXFileReference; lastKnownFileType = wrapper.framework; name = CloudKit.framework; path = System/Library/Frameworks/CloudKit.framework; sourceTree = SDKROOT; };
		B5CBD04923A3A7BC00A0B6C5 /* DayViewController.swift */ = {isa = PBXFileReference; lastKnownFileType = sourcecode.swift; path = DayViewController.swift; sourceTree = "<group>"; };
		B5CBD04B23A3B1CB00A0B6C5 /* DayTableViewCell.swift */ = {isa = PBXFileReference; lastKnownFileType = sourcecode.swift; path = DayTableViewCell.swift; sourceTree = "<group>"; };
		B5CBD04D23A3D5B000A0B6C5 /* DayUtils.swift */ = {isa = PBXFileReference; lastKnownFileType = sourcecode.swift; path = DayUtils.swift; sourceTree = "<group>"; };
		B5F6E0F123968CE10088CFF7 /* StaffSplitViewController.swift */ = {isa = PBXFileReference; lastKnownFileType = sourcecode.swift; path = StaffSplitViewController.swift; sourceTree = "<group>"; };
		B5F6E0F323968FA30088CFF7 /* StaffMembersTableViewController.swift */ = {isa = PBXFileReference; lastKnownFileType = sourcecode.swift; path = StaffMembersTableViewController.swift; sourceTree = "<group>"; };
		B5F6E0F5239694910088CFF7 /* StaffMemberDetailViewController.swift */ = {isa = PBXFileReference; lastKnownFileType = sourcecode.swift; path = StaffMemberDetailViewController.swift; sourceTree = "<group>"; };
		B5F6E0F9239908D70088CFF7 /* UITextFieldUnderlined.xib */ = {isa = PBXFileReference; lastKnownFileType = file.xib; path = UITextFieldUnderlined.xib; sourceTree = "<group>"; };
		B5F6E0FB239908F80088CFF7 /* UITextFieldUnderlined.swift */ = {isa = PBXFileReference; lastKnownFileType = sourcecode.swift; path = UITextFieldUnderlined.swift; sourceTree = "<group>"; };
		B5F6E0FD239990060088CFF7 /* DayScheduleReadOnlyView.swift */ = {isa = PBXFileReference; lastKnownFileType = sourcecode.swift; path = DayScheduleReadOnlyView.swift; sourceTree = "<group>"; };
		B5F6E0FF239A95A60088CFF7 /* ServiceListViewController.swift */ = {isa = PBXFileReference; lastKnownFileType = sourcecode.swift; path = ServiceListViewController.swift; sourceTree = "<group>"; };
		B5F6E101239A99990088CFF7 /* AddServiceViewController.swift */ = {isa = PBXFileReference; lastKnownFileType = sourcecode.swift; path = AddServiceViewController.swift; sourceTree = "<group>"; };
		B5F6E103239ABAD80088CFF7 /* ServiceCoreDataManager.swift */ = {isa = PBXFileReference; lastKnownFileType = sourcecode.swift; path = ServiceCoreDataManager.swift; sourceTree = "<group>"; };
		B5FB448E2381C4AB0050194E /* DayScheduleStackView.xib */ = {isa = PBXFileReference; lastKnownFileType = file.xib; path = DayScheduleStackView.xib; sourceTree = "<group>"; };
		B5FB44902381C5C60050194E /* DayScheduleStackView.swift */ = {isa = PBXFileReference; lastKnownFileType = sourcecode.swift; path = DayScheduleStackView.swift; sourceTree = "<group>"; };
		B5FB44922381CC320050194E /* HourPickerStackView.xib */ = {isa = PBXFileReference; lastKnownFileType = file.xib; path = HourPickerStackView.xib; sourceTree = "<group>"; };
		B5FB44942381CCB20050194E /* HourPickerStackView.swift */ = {isa = PBXFileReference; lastKnownFileType = sourcecode.swift; path = HourPickerStackView.swift; sourceTree = "<group>"; };
/* End PBXFileReference section */

/* Begin PBXFrameworksBuildPhase section */
		B54C29522380077600B47C9C /* Frameworks */ = {
			isa = PBXFrameworksBuildPhase;
			buildActionMask = 2147483647;
			files = (
				356B52AE89F20942031710F5 /* Pods_AppointmentManager.framework in Frameworks */,
				B593954F23844649001B67D5 /* CloudKit.framework in Frameworks */,
			);
			runOnlyForDeploymentPostprocessing = 0;
		};
/* End PBXFrameworksBuildPhase section */

/* Begin PBXGroup section */
		2313F4FDA9D1EE6BC2503BAC /* Pods */ = {
			isa = PBXGroup;
			children = (
				771666E569DE4DB40CC3FD1C /* Pods-AppointmentManager.debug.xcconfig */,
				8C7717F5C5F7025CDF60E644 /* Pods-AppointmentManager.release.xcconfig */,
			);
			path = Pods;
			sourceTree = "<group>";
		};
		69DC817768DA7D4AADCD6CA3 /* Frameworks */ = {
			isa = PBXGroup;
			children = (
				B593954E23844649001B67D5 /* CloudKit.framework */,
				0D3422974CD480260834EE53 /* Pods_AppointmentManager.framework */,
			);
			name = Frameworks;
			sourceTree = "<group>";
		};
		B5058756239D2C8B002D2785 /* Staff */ = {
			isa = PBXGroup;
			children = (
				B53D8158238083390027D613 /* AddStaffMemberViewController.swift */,
				B5F6E0F123968CE10088CFF7 /* StaffSplitViewController.swift */,
				B5F6E0F323968FA30088CFF7 /* StaffMembersTableViewController.swift */,
				B5F6E0F5239694910088CFF7 /* StaffMemberDetailViewController.swift */,
				B5F6E0FF239A95A60088CFF7 /* ServiceListViewController.swift */,
				B5F6E101239A99990088CFF7 /* AddServiceViewController.swift */,
				B505874E239BC308002D2785 /* UseExistingServiceViewController.swift */,
			);
			path = Staff;
			sourceTree = "<group>";
		};
		B5058759239D336F002D2785 /* Customers */ = {
			isa = PBXGroup;
			children = (
				B5058754239D2C76002D2785 /* CustomersSplitViewController.swift */,
				B5058757239D335E002D2785 /* AddCustomerViewController.swift */,
				B567CE6E239FD07A0067C7B1 /* CustomersTableViewController.swift */,
				B567CE78239FE2B30067C7B1 /* SignPrivacyPolicyViewController.swift */,
				B543B1A023A2410B0033B55A /* CustomerDetailsViewController.swift */,
				B543B1A223A241CD0033B55A /* ShowPrivacyPolicyViewController.swift */,
			);
			path = Customers;
			sourceTree = "<group>";
		};
		B54C294C2380077600B47C9C = {
			isa = PBXGroup;
			children = (
				B54C29572380077600B47C9C /* AppointmentManager */,
				B54C29562380077600B47C9C /* Products */,
				2313F4FDA9D1EE6BC2503BAC /* Pods */,
				69DC817768DA7D4AADCD6CA3 /* Frameworks */,
			);
			sourceTree = "<group>";
		};
		B54C29562380077600B47C9C /* Products */ = {
			isa = PBXGroup;
			children = (
				B54C29552380077600B47C9C /* AppointmentManager.app */,
			);
			name = Products;
			sourceTree = "<group>";
		};
		B54C29572380077600B47C9C /* AppointmentManager */ = {
			isa = PBXGroup;
			children = (
				B593954D23844644001B67D5 /* AppointmentManager.entitlements */,
				B54C29582380077600B47C9C /* AppDelegate.swift */,
				B54C295A2380077600B47C9C /* SceneDelegate.swift */,
				B5F411CE238068E9002185B9 /* Controllers */,
				B5F411CF238068F4002185B9 /* Views */,
				B593954623842B95001B67D5 /* Models */,
				B54C29642380077B00B47C9C /* Assets.xcassets */,
				B54C29662380077B00B47C9C /* LaunchScreen.storyboard */,
				B54C29692380077B00B47C9C /* Info.plist */,
				B54C29612380077600B47C9C /* AppointmentManager.xcdatamodeld */,
			);
			path = AppointmentManager;
			sourceTree = "<group>";
		};
		B567CE8623A0016F0067C7B1 /* PDFSigning */ = {
			isa = PBXGroup;
			children = (
				B567CE80239FF76A0067C7B1 /* DrawingGestureRecognizer.swift */,
				B567CE82239FF8660067C7B1 /* PDFDrawer.swift */,
				B567CE84239FF9540067C7B1 /* NonSelectablePDFView.swift */,
			);
			path = PDFSigning;
			sourceTree = "<group>";
		};
		B593954623842B95001B67D5 /* Models */ = {
			isa = PBXGroup;
			children = (
				B593954423842B71001B67D5 /* Day.swift */,
				B53D5269239131EB00716057 /* CoreDataManager.swift */,
				B53D526B2391345100716057 /* StaffMemberCoreDataManager.swift */,
				B527B326239146F500C70FBE /* WorkingDayCoreDataManager.swift */,
				B5F6E103239ABAD80088CFF7 /* ServiceCoreDataManager.swift */,
				B567CE6C239FCBA20067C7B1 /* CustomerCoreDataManager.swift */,
				B5CBD04D23A3D5B000A0B6C5 /* DayUtils.swift */,
			);
			path = Models;
			sourceTree = "<group>";
		};
		B593954723843125001B67D5 /* AddDoctorViews */ = {
			isa = PBXGroup;
			children = (
				B5FB448E2381C4AB0050194E /* DayScheduleStackView.xib */,
				B5FB44902381C5C60050194E /* DayScheduleStackView.swift */,
				B5FB44922381CC320050194E /* HourPickerStackView.xib */,
				B5FB44942381CCB20050194E /* HourPickerStackView.swift */,
			);
			path = AddDoctorViews;
			sourceTree = "<group>";
		};
		B59395482384313A001B67D5 /* CalendarViews */ = {
			isa = PBXGroup;
			children = (
				B543B1A623A277B10033B55A /* DateCell.swift */,
				B543B1AA23A2957C0033B55A /* DateHeader.swift */,
				B5CBD04B23A3B1CB00A0B6C5 /* DayTableViewCell.swift */,
			);
			path = CalendarViews;
			sourceTree = "<group>";
		};
		B5F411CE238068E9002185B9 /* Controllers */ = {
			isa = PBXGroup;
			children = (
				B567CE8623A0016F0067C7B1 /* PDFSigning */,
				B5058756239D2C8B002D2785 /* Staff */,
				B5058759239D336F002D2785 /* Customers */,
				B567CE76239FD7CC0067C7B1 /* SettingsViewController.swift */,
				B543B1A823A2782B0033B55A /* CalendarViewController.swift */,
				B5CBD04923A3A7BC00A0B6C5 /* DayViewController.swift */,
			);
			path = Controllers;
			sourceTree = "<group>";
		};
		B5F411CF238068F4002185B9 /* Views */ = {
			isa = PBXGroup;
			children = (
				B54C295E2380077600B47C9C /* Main.storyboard */,
				B5058750239D2A93002D2785 /* Staff.storyboard */,
				B5058752239D2B4C002D2785 /* Customers.storyboard */,
				B567CE74239FD6270067C7B1 /* Settings.storyboard */,
				B543B1A423A271150033B55A /* Calendar.storyboard */,
				B59395482384313A001B67D5 /* CalendarViews */,
				B593954723843125001B67D5 /* AddDoctorViews */,
				B5F6E0F9239908D70088CFF7 /* UITextFieldUnderlined.xib */,
				B5F6E0FB239908F80088CFF7 /* UITextFieldUnderlined.swift */,
				B5F6E0FD239990060088CFF7 /* DayScheduleReadOnlyView.swift */,
			);
			path = Views;
			sourceTree = "<group>";
		};
/* End PBXGroup section */

/* Begin PBXNativeTarget section */
		B54C29542380077600B47C9C /* AppointmentManager */ = {
			isa = PBXNativeTarget;
			buildConfigurationList = B54C296C2380077B00B47C9C /* Build configuration list for PBXNativeTarget "AppointmentManager" */;
			buildPhases = (
				167C781B6CC5E38484CF9DB1 /* [CP] Check Pods Manifest.lock */,
				B54C29512380077600B47C9C /* Sources */,
				B54C29522380077600B47C9C /* Frameworks */,
				B54C29532380077600B47C9C /* Resources */,
				50F5A8422D56CF5B5EB2C49F /* [CP] Embed Pods Frameworks */,
			);
			buildRules = (
			);
			dependencies = (
			);
			name = AppointmentManager;
			productName = AppointmentManager;
			productReference = B54C29552380077600B47C9C /* AppointmentManager.app */;
			productType = "com.apple.product-type.application";
		};
/* End PBXNativeTarget section */

/* Begin PBXProject section */
		B54C294D2380077600B47C9C /* Project object */ = {
			isa = PBXProject;
			attributes = {
				LastSwiftUpdateCheck = 1120;
				LastUpgradeCheck = 1120;
				ORGANIZATIONNAME = "Calin Jula";
				TargetAttributes = {
					B54C29542380077600B47C9C = {
						CreatedOnToolsVersion = 11.2.1;
					};
				};
			};
			buildConfigurationList = B54C29502380077600B47C9C /* Build configuration list for PBXProject "AppointmentManager" */;
			compatibilityVersion = "Xcode 9.3";
			developmentRegion = en;
			hasScannedForEncodings = 0;
			knownRegions = (
				en,
				Base,
			);
			mainGroup = B54C294C2380077600B47C9C;
			productRefGroup = B54C29562380077600B47C9C /* Products */;
			projectDirPath = "";
			projectRoot = "";
			targets = (
				B54C29542380077600B47C9C /* AppointmentManager */,
			);
		};
/* End PBXProject section */

/* Begin PBXResourcesBuildPhase section */
		B54C29532380077600B47C9C /* Resources */ = {
			isa = PBXResourcesBuildPhase;
			buildActionMask = 2147483647;
			files = (
				B54C29682380077B00B47C9C /* LaunchScreen.storyboard in Resources */,
				B5F6E0FA239908D70088CFF7 /* UITextFieldUnderlined.xib in Resources */,
				B5FB448F2381C4AB0050194E /* DayScheduleStackView.xib in Resources */,
				B5058753239D2B4C002D2785 /* Customers.storyboard in Resources */,
				B5058751239D2A93002D2785 /* Staff.storyboard in Resources */,
				B5FB44932381CC320050194E /* HourPickerStackView.xib in Resources */,
				B567CE75239FD6270067C7B1 /* Settings.storyboard in Resources */,
				B54C29652380077B00B47C9C /* Assets.xcassets in Resources */,
				B543B1A523A271150033B55A /* Calendar.storyboard in Resources */,
				B54C29602380077600B47C9C /* Main.storyboard in Resources */,
			);
			runOnlyForDeploymentPostprocessing = 0;
		};
/* End PBXResourcesBuildPhase section */

/* Begin PBXShellScriptBuildPhase section */
		167C781B6CC5E38484CF9DB1 /* [CP] Check Pods Manifest.lock */ = {
			isa = PBXShellScriptBuildPhase;
			buildActionMask = 2147483647;
			files = (
			);
			inputFileListPaths = (
			);
			inputPaths = (
				"${PODS_PODFILE_DIR_PATH}/Podfile.lock",
				"${PODS_ROOT}/Manifest.lock",
			);
			name = "[CP] Check Pods Manifest.lock";
			outputFileListPaths = (
			);
			outputPaths = (
				"$(DERIVED_FILE_DIR)/Pods-AppointmentManager-checkManifestLockResult.txt",
			);
			runOnlyForDeploymentPostprocessing = 0;
			shellPath = /bin/sh;
			shellScript = "diff \"${PODS_PODFILE_DIR_PATH}/Podfile.lock\" \"${PODS_ROOT}/Manifest.lock\" > /dev/null\nif [ $? != 0 ] ; then\n    # print error to STDERR\n    echo \"error: The sandbox is not in sync with the Podfile.lock. Run 'pod install' or update your CocoaPods installation.\" >&2\n    exit 1\nfi\n# This output is used by Xcode 'outputs' to avoid re-running this script phase.\necho \"SUCCESS\" > \"${SCRIPT_OUTPUT_FILE_0}\"\n";
			showEnvVarsInLog = 0;
		};
		50F5A8422D56CF5B5EB2C49F /* [CP] Embed Pods Frameworks */ = {
			isa = PBXShellScriptBuildPhase;
			buildActionMask = 2147483647;
			files = (
			);
			inputFileListPaths = (
				"${PODS_ROOT}/Target Support Files/Pods-AppointmentManager/Pods-AppointmentManager-frameworks-${CONFIGURATION}-input-files.xcfilelist",
			);
			name = "[CP] Embed Pods Frameworks";
			outputFileListPaths = (
				"${PODS_ROOT}/Target Support Files/Pods-AppointmentManager/Pods-AppointmentManager-frameworks-${CONFIGURATION}-output-files.xcfilelist",
			);
			runOnlyForDeploymentPostprocessing = 0;
			shellPath = /bin/sh;
			shellScript = "\"${PODS_ROOT}/Target Support Files/Pods-AppointmentManager/Pods-AppointmentManager-frameworks.sh\"\n";
			showEnvVarsInLog = 0;
		};
/* End PBXShellScriptBuildPhase section */

/* Begin PBXSourcesBuildPhase section */
		B54C29512380077600B47C9C /* Sources */ = {
			isa = PBXSourcesBuildPhase;
			buildActionMask = 2147483647;
			files = (
				B5F6E0F223968CE10088CFF7 /* StaffSplitViewController.swift in Sources */,
				B5F6E104239ABAD80088CFF7 /* ServiceCoreDataManager.swift in Sources */,
				B567CE79239FE2B30067C7B1 /* SignPrivacyPolicyViewController.swift in Sources */,
				B567CE6D239FCBA20067C7B1 /* CustomerCoreDataManager.swift in Sources */,
				B593954523842B71001B67D5 /* Day.swift in Sources */,
				B567CE85239FF9540067C7B1 /* NonSelectablePDFView.swift in Sources */,
				B5F6E0FC239908F80088CFF7 /* UITextFieldUnderlined.swift in Sources */,
				B5CBD04C23A3B1CB00A0B6C5 /* DayTableViewCell.swift in Sources */,
				B5CBD04E23A3D5B000A0B6C5 /* DayUtils.swift in Sources */,
				B567CE81239FF76A0067C7B1 /* DrawingGestureRecognizer.swift in Sources */,
				B53D8159238083390027D613 /* AddStaffMemberViewController.swift in Sources */,
				B543B1AB23A2957C0033B55A /* DateHeader.swift in Sources */,
				B5F6E102239A99990088CFF7 /* AddServiceViewController.swift in Sources */,
				B543B1A323A241CD0033B55A /* ShowPrivacyPolicyViewController.swift in Sources */,
				B54C29632380077600B47C9C /* AppointmentManager.xcdatamodeld in Sources */,
				B543B1A123A2410B0033B55A /* CustomerDetailsViewController.swift in Sources */,
				B5F6E0FE239990060088CFF7 /* DayScheduleReadOnlyView.swift in Sources */,
				B5058755239D2C76002D2785 /* CustomersSplitViewController.swift in Sources */,
				B5F6E100239A95A60088CFF7 /* ServiceListViewController.swift in Sources */,
				B5CBD04A23A3A7BC00A0B6C5 /* DayViewController.swift in Sources */,
				B543B1A923A2782B0033B55A /* CalendarViewController.swift in Sources */,
				B5F6E0F6239694910088CFF7 /* StaffMemberDetailViewController.swift in Sources */,
				B5058758239D335E002D2785 /* AddCustomerViewController.swift in Sources */,
				B567CE83239FF8660067C7B1 /* PDFDrawer.swift in Sources */,
				B567CE6F239FD07A0067C7B1 /* CustomersTableViewController.swift in Sources */,
				B527B327239146F500C70FBE /* WorkingDayCoreDataManager.swift in Sources */,
				B53D526A239131EB00716057 /* CoreDataManager.swift in Sources */,
				B505874F239BC308002D2785 /* UseExistingServiceViewController.swift in Sources */,
				B543B1A723A277B10033B55A /* DateCell.swift in Sources */,
				B5F6E0F423968FA30088CFF7 /* StaffMembersTableViewController.swift in Sources */,
				B54C29592380077600B47C9C /* AppDelegate.swift in Sources */,
				B53D526C2391345100716057 /* StaffMemberCoreDataManager.swift in Sources */,
				B5FB44912381C5C60050194E /* DayScheduleStackView.swift in Sources */,
				B5FB44952381CCB20050194E /* HourPickerStackView.swift in Sources */,
				B54C295B2380077600B47C9C /* SceneDelegate.swift in Sources */,
				B567CE77239FD7CC0067C7B1 /* SettingsViewController.swift in Sources */,
			);
			runOnlyForDeploymentPostprocessing = 0;
		};
/* End PBXSourcesBuildPhase section */

/* Begin PBXVariantGroup section */
		B54C295E2380077600B47C9C /* Main.storyboard */ = {
			isa = PBXVariantGroup;
			children = (
				B54C295F2380077600B47C9C /* Base */,
			);
			name = Main.storyboard;
			sourceTree = "<group>";
		};
		B54C29662380077B00B47C9C /* LaunchScreen.storyboard */ = {
			isa = PBXVariantGroup;
			children = (
				B54C29672380077B00B47C9C /* Base */,
			);
			name = LaunchScreen.storyboard;
			sourceTree = "<group>";
		};
/* End PBXVariantGroup section */

/* Begin XCBuildConfiguration section */
		B54C296A2380077B00B47C9C /* Debug */ = {
			isa = XCBuildConfiguration;
			buildSettings = {
				ALWAYS_SEARCH_USER_PATHS = NO;
				CLANG_ANALYZER_NONNULL = YES;
				CLANG_ANALYZER_NUMBER_OBJECT_CONVERSION = YES_AGGRESSIVE;
				CLANG_CXX_LANGUAGE_STANDARD = "gnu++14";
				CLANG_CXX_LIBRARY = "libc++";
				CLANG_ENABLE_MODULES = YES;
				CLANG_ENABLE_OBJC_ARC = YES;
				CLANG_ENABLE_OBJC_WEAK = YES;
				CLANG_WARN_BLOCK_CAPTURE_AUTORELEASING = YES;
				CLANG_WARN_BOOL_CONVERSION = YES;
				CLANG_WARN_COMMA = YES;
				CLANG_WARN_CONSTANT_CONVERSION = YES;
				CLANG_WARN_DEPRECATED_OBJC_IMPLEMENTATIONS = YES;
				CLANG_WARN_DIRECT_OBJC_ISA_USAGE = YES_ERROR;
				CLANG_WARN_DOCUMENTATION_COMMENTS = YES;
				CLANG_WARN_EMPTY_BODY = YES;
				CLANG_WARN_ENUM_CONVERSION = YES;
				CLANG_WARN_INFINITE_RECURSION = YES;
				CLANG_WARN_INT_CONVERSION = YES;
				CLANG_WARN_NON_LITERAL_NULL_CONVERSION = YES;
				CLANG_WARN_OBJC_IMPLICIT_RETAIN_SELF = YES;
				CLANG_WARN_OBJC_LITERAL_CONVERSION = YES;
				CLANG_WARN_OBJC_ROOT_CLASS = YES_ERROR;
				CLANG_WARN_RANGE_LOOP_ANALYSIS = YES;
				CLANG_WARN_STRICT_PROTOTYPES = YES;
				CLANG_WARN_SUSPICIOUS_MOVE = YES;
				CLANG_WARN_UNGUARDED_AVAILABILITY = YES_AGGRESSIVE;
				CLANG_WARN_UNREACHABLE_CODE = YES;
				CLANG_WARN__DUPLICATE_METHOD_MATCH = YES;
				COPY_PHASE_STRIP = NO;
				DEBUG_INFORMATION_FORMAT = dwarf;
				ENABLE_STRICT_OBJC_MSGSEND = YES;
				ENABLE_TESTABILITY = YES;
				GCC_C_LANGUAGE_STANDARD = gnu11;
				GCC_DYNAMIC_NO_PIC = NO;
				GCC_NO_COMMON_BLOCKS = YES;
				GCC_OPTIMIZATION_LEVEL = 0;
				GCC_PREPROCESSOR_DEFINITIONS = (
					"DEBUG=1",
					"$(inherited)",
				);
				GCC_WARN_64_TO_32_BIT_CONVERSION = YES;
				GCC_WARN_ABOUT_RETURN_TYPE = YES_ERROR;
				GCC_WARN_UNDECLARED_SELECTOR = YES;
				GCC_WARN_UNINITIALIZED_AUTOS = YES_AGGRESSIVE;
				GCC_WARN_UNUSED_FUNCTION = YES;
				GCC_WARN_UNUSED_VARIABLE = YES;
				IPHONEOS_DEPLOYMENT_TARGET = 13.2;
				MTL_ENABLE_DEBUG_INFO = INCLUDE_SOURCE;
				MTL_FAST_MATH = YES;
				ONLY_ACTIVE_ARCH = YES;
				SDKROOT = iphoneos;
				SWIFT_ACTIVE_COMPILATION_CONDITIONS = DEBUG;
				SWIFT_OPTIMIZATION_LEVEL = "-Onone";
			};
			name = Debug;
		};
		B54C296B2380077B00B47C9C /* Release */ = {
			isa = XCBuildConfiguration;
			buildSettings = {
				ALWAYS_SEARCH_USER_PATHS = NO;
				CLANG_ANALYZER_NONNULL = YES;
				CLANG_ANALYZER_NUMBER_OBJECT_CONVERSION = YES_AGGRESSIVE;
				CLANG_CXX_LANGUAGE_STANDARD = "gnu++14";
				CLANG_CXX_LIBRARY = "libc++";
				CLANG_ENABLE_MODULES = YES;
				CLANG_ENABLE_OBJC_ARC = YES;
				CLANG_ENABLE_OBJC_WEAK = YES;
				CLANG_WARN_BLOCK_CAPTURE_AUTORELEASING = YES;
				CLANG_WARN_BOOL_CONVERSION = YES;
				CLANG_WARN_COMMA = YES;
				CLANG_WARN_CONSTANT_CONVERSION = YES;
				CLANG_WARN_DEPRECATED_OBJC_IMPLEMENTATIONS = YES;
				CLANG_WARN_DIRECT_OBJC_ISA_USAGE = YES_ERROR;
				CLANG_WARN_DOCUMENTATION_COMMENTS = YES;
				CLANG_WARN_EMPTY_BODY = YES;
				CLANG_WARN_ENUM_CONVERSION = YES;
				CLANG_WARN_INFINITE_RECURSION = YES;
				CLANG_WARN_INT_CONVERSION = YES;
				CLANG_WARN_NON_LITERAL_NULL_CONVERSION = YES;
				CLANG_WARN_OBJC_IMPLICIT_RETAIN_SELF = YES;
				CLANG_WARN_OBJC_LITERAL_CONVERSION = YES;
				CLANG_WARN_OBJC_ROOT_CLASS = YES_ERROR;
				CLANG_WARN_RANGE_LOOP_ANALYSIS = YES;
				CLANG_WARN_STRICT_PROTOTYPES = YES;
				CLANG_WARN_SUSPICIOUS_MOVE = YES;
				CLANG_WARN_UNGUARDED_AVAILABILITY = YES_AGGRESSIVE;
				CLANG_WARN_UNREACHABLE_CODE = YES;
				CLANG_WARN__DUPLICATE_METHOD_MATCH = YES;
				COPY_PHASE_STRIP = NO;
				DEBUG_INFORMATION_FORMAT = "dwarf-with-dsym";
				ENABLE_NS_ASSERTIONS = NO;
				ENABLE_STRICT_OBJC_MSGSEND = YES;
				GCC_C_LANGUAGE_STANDARD = gnu11;
				GCC_NO_COMMON_BLOCKS = YES;
				GCC_WARN_64_TO_32_BIT_CONVERSION = YES;
				GCC_WARN_ABOUT_RETURN_TYPE = YES_ERROR;
				GCC_WARN_UNDECLARED_SELECTOR = YES;
				GCC_WARN_UNINITIALIZED_AUTOS = YES_AGGRESSIVE;
				GCC_WARN_UNUSED_FUNCTION = YES;
				GCC_WARN_UNUSED_VARIABLE = YES;
				IPHONEOS_DEPLOYMENT_TARGET = 13.2;
				MTL_ENABLE_DEBUG_INFO = NO;
				MTL_FAST_MATH = YES;
				SDKROOT = iphoneos;
				SWIFT_COMPILATION_MODE = wholemodule;
				SWIFT_OPTIMIZATION_LEVEL = "-O";
				VALIDATE_PRODUCT = YES;
			};
			name = Release;
		};
		B54C296D2380077B00B47C9C /* Debug */ = {
			isa = XCBuildConfiguration;
			baseConfigurationReference = 771666E569DE4DB40CC3FD1C /* Pods-AppointmentManager.debug.xcconfig */;
			buildSettings = {
				ASSETCATALOG_COMPILER_APPICON_NAME = AppIcon;
				CODE_SIGN_ENTITLEMENTS = AppointmentManager/AppointmentManager.entitlements;
				CODE_SIGN_IDENTITY = "Apple Development";
				CODE_SIGN_STYLE = Automatic;
				DEBUG_INFORMATION_FORMAT = "dwarf-with-dsym";
				DEVELOPMENT_TEAM = L8BUP5SJN2;
				INFOPLIST_FILE = AppointmentManager/Info.plist;
				LD_RUNPATH_SEARCH_PATHS = (
					"$(inherited)",
					"@executable_path/Frameworks",
				);
				PRODUCT_BUNDLE_IDENTIFIER = com.calinjula.AppointmentManager;
				PRODUCT_NAME = "$(TARGET_NAME)";
				PROVISIONING_PROFILE_SPECIFIER = "";
				SWIFT_VERSION = 5.0;
				TARGETED_DEVICE_FAMILY = 2;
			};
			name = Debug;
		};
		B54C296E2380077B00B47C9C /* Release */ = {
			isa = XCBuildConfiguration;
			baseConfigurationReference = 8C7717F5C5F7025CDF60E644 /* Pods-AppointmentManager.release.xcconfig */;
			buildSettings = {
				ASSETCATALOG_COMPILER_APPICON_NAME = AppIcon;
				CODE_SIGN_ENTITLEMENTS = AppointmentManager/AppointmentManager.entitlements;
				CODE_SIGN_IDENTITY = "Apple Development";
				CODE_SIGN_STYLE = Automatic;
				DEVELOPMENT_TEAM = L8BUP5SJN2;
				INFOPLIST_FILE = AppointmentManager/Info.plist;
				LD_RUNPATH_SEARCH_PATHS = (
					"$(inherited)",
					"@executable_path/Frameworks",
				);
				PRODUCT_BUNDLE_IDENTIFIER = com.calinjula.AppointmentManager;
				PRODUCT_NAME = "$(TARGET_NAME)";
				PROVISIONING_PROFILE_SPECIFIER = "";
				SWIFT_VERSION = 5.0;
				TARGETED_DEVICE_FAMILY = 2;
			};
			name = Release;
		};
/* End XCBuildConfiguration section */

/* Begin XCConfigurationList section */
		B54C29502380077600B47C9C /* Build configuration list for PBXProject "AppointmentManager" */ = {
			isa = XCConfigurationList;
			buildConfigurations = (
				B54C296A2380077B00B47C9C /* Debug */,
				B54C296B2380077B00B47C9C /* Release */,
			);
			defaultConfigurationIsVisible = 0;
			defaultConfigurationName = Release;
		};
		B54C296C2380077B00B47C9C /* Build configuration list for PBXNativeTarget "AppointmentManager" */ = {
			isa = XCConfigurationList;
			buildConfigurations = (
				B54C296D2380077B00B47C9C /* Debug */,
				B54C296E2380077B00B47C9C /* Release */,
			);
			defaultConfigurationIsVisible = 0;
			defaultConfigurationName = Release;
		};
/* End XCConfigurationList section */

/* Begin XCVersionGroup section */
		B54C29612380077600B47C9C /* AppointmentManager.xcdatamodeld */ = {
			isa = XCVersionGroup;
			children = (
				B54C29622380077600B47C9C /* AppointmentManager.xcdatamodel */,
			);
			currentVersion = B54C29622380077600B47C9C /* AppointmentManager.xcdatamodel */;
			path = AppointmentManager.xcdatamodeld;
			sourceTree = "<group>";
			versionGroupType = wrapper.xcdatamodel;
		};
/* End XCVersionGroup section */
	};
	rootObject = B54C294D2380077600B47C9C /* Project object */;
}
