// !$*UTF8*$!
{
	archiveVersion = 1;
	classes = {
	};
	objectVersion = 50;
	objects = {

/* Begin PBXBuildFile section */
		B54C29592380077600B47C9C /* AppDelegate.swift in Sources */ = {isa = PBXBuildFile; fileRef = B54C29582380077600B47C9C /* AppDelegate.swift */; };
		B54C295B2380077600B47C9C /* SceneDelegate.swift in Sources */ = {isa = PBXBuildFile; fileRef = B54C295A2380077600B47C9C /* SceneDelegate.swift */; };
		B54C295D2380077600B47C9C /* ViewController.swift in Sources */ = {isa = PBXBuildFile; fileRef = B54C295C2380077600B47C9C /* ViewController.swift */; };
		B54C29602380077600B47C9C /* Main.storyboard in Resources */ = {isa = PBXBuildFile; fileRef = B54C295E2380077600B47C9C /* Main.storyboard */; };
		B54C29632380077600B47C9C /* AppointmentManager.xcdatamodeld in Sources */ = {isa = PBXBuildFile; fileRef = B54C29612380077600B47C9C /* AppointmentManager.xcdatamodeld */; };
		B54C29652380077B00B47C9C /* Assets.xcassets in Resources */ = {isa = PBXBuildFile; fileRef = B54C29642380077B00B47C9C /* Assets.xcassets */; };
		B54C29682380077B00B47C9C /* LaunchScreen.storyboard in Resources */ = {isa = PBXBuildFile; fileRef = B54C29662380077B00B47C9C /* LaunchScreen.storyboard */; };
/* End PBXBuildFile section */

/* Begin PBXFileReference section */
		B54C29552380077600B47C9C /* AppointmentManager.app */ = {isa = PBXFileReference; explicitFileType = wrapper.application; includeInIndex = 0; path = AppointmentManager.app; sourceTree = BUILT_PRODUCTS_DIR; };
		B54C29582380077600B47C9C /* AppDelegate.swift */ = {isa = PBXFileReference; lastKnownFileType = sourcecode.swift; path = AppDelegate.swift; sourceTree = "<group>"; };
		B54C295A2380077600B47C9C /* SceneDelegate.swift */ = {isa = PBXFileReference; lastKnownFileType = sourcecode.swift; path = SceneDelegate.swift; sourceTree = "<group>"; };
		B54C295C2380077600B47C9C /* ViewController.swift */ = {isa = PBXFileReference; lastKnownFileType = sourcecode.swift; path = ViewController.swift; sourceTree = "<group>"; };
		B54C295F2380077600B47C9C /* Base */ = {isa = PBXFileReference; lastKnownFileType = file.storyboard; name = Base; path = Base.lproj/Main.storyboard; sourceTree = "<group>"; };
		B54C29622380077600B47C9C /* AppointmentManager.xcdatamodel */ = {isa = PBXFileReference; lastKnownFileType = wrapper.xcdatamodel; path = AppointmentManager.xcdatamodel; sourceTree = "<group>"; };
		B54C29642380077B00B47C9C /* Assets.xcassets */ = {isa = PBXFileReference; lastKnownFileType = folder.assetcatalog; path = Assets.xcassets; sourceTree = "<group>"; };
		B54C29672380077B00B47C9C /* Base */ = {isa = PBXFileReference; lastKnownFileType = file.storyboard; name = Base; path = Base.lproj/LaunchScreen.storyboard; sourceTree = "<group>"; };
		B54C29692380077B00B47C9C /* Info.plist */ = {isa = PBXFileReference; lastKnownFileType = text.plist.xml; path = Info.plist; sourceTree = "<group>"; };
/* End PBXFileReference section */

/* Begin PBXFrameworksBuildPhase section */
		B54C29522380077600B47C9C /* Frameworks */ = {
			isa = PBXFrameworksBuildPhase;
			buildActionMask = 2147483647;
			files = (
			);
			runOnlyForDeploymentPostprocessing = 0;
		};
/* End PBXFrameworksBuildPhase section */

/* Begin PBXGroup section */
		B54C294C2380077600B47C9C = {
			isa = PBXGroup;
			children = (
				B54C29572380077600B47C9C /* AppointmentManager */,
				B54C29562380077600B47C9C /* Products */,
			);
			sourceTree = "<group>";
		};
		B54C29562380077600B47C9C /* Products */ = {
			isa = PBXGroup;
			children = (
				B54C29552380077600B47C9C /* AppointmentManager.app */,
			);
			name = Products;
			sourceTree = "<group>";
		};
		B54C29572380077600B47C9C /* AppointmentManager */ = {
			isa = PBXGroup;
			children = (
				B54C29582380077600B47C9C /* AppDelegate.swift */,
				B54C295A2380077600B47C9C /* SceneDelegate.swift */,
				B54C295C2380077600B47C9C /* ViewController.swift */,
				B54C295E2380077600B47C9C /* Main.storyboard */,
				B54C29642380077B00B47C9C /* Assets.xcassets */,
				B54C29662380077B00B47C9C /* LaunchScreen.storyboard */,
				B54C29692380077B00B47C9C /* Info.plist */,
				B54C29612380077600B47C9C /* AppointmentManager.xcdatamodeld */,
			);
			path = AppointmentManager;
			sourceTree = "<group>";
		};
/* End PBXGroup section */

/* Begin PBXNativeTarget section */
		B54C29542380077600B47C9C /* AppointmentManager */ = {
			isa = PBXNativeTarget;
			buildConfigurationList = B54C296C2380077B00B47C9C /* Build configuration list for PBXNativeTarget "AppointmentManager" */;
			buildPhases = (
				B54C29512380077600B47C9C /* Sources */,
				B54C29522380077600B47C9C /* Frameworks */,
				B54C29532380077600B47C9C /* Resources */,
			);
			buildRules = (
			);
			dependencies = (
			);
			name = AppointmentManager;
			productName = AppointmentManager;
			productReference = B54C29552380077600B47C9C /* AppointmentManager.app */;
			productType = "com.apple.product-type.application";
		};
/* End PBXNativeTarget section */

/* Begin PBXProject section */
		B54C294D2380077600B47C9C /* Project object */ = {
			isa = PBXProject;
			attributes = {
				LastSwiftUpdateCheck = 1120;
				LastUpgradeCheck = 1120;
				ORGANIZATIONNAME = "Calin Jula";
				TargetAttributes = {
					B54C29542380077600B47C9C = {
						CreatedOnToolsVersion = 11.2.1;
					};
				};
			};
			buildConfigurationList = B54C29502380077600B47C9C /* Build configuration list for PBXProject "AppointmentManager" */;
			compatibilityVersion = "Xcode 9.3";
			developmentRegion = en;
			hasScannedForEncodings = 0;
			knownRegions = (
				en,
				Base,
			);
			mainGroup = B54C294C2380077600B47C9C;
			productRefGroup = B54C29562380077600B47C9C /* Products */;
			projectDirPath = "";
			projectRoot = "";
			targets = (
				B54C29542380077600B47C9C /* AppointmentManager */,
			);
		};
/* End PBXProject section */

/* Begin PBXResourcesBuildPhase section */
		B54C29532380077600B47C9C /* Resources */ = {
			isa = PBXResourcesBuildPhase;
			buildActionMask = 2147483647;
			files = (
				B54C29682380077B00B47C9C /* LaunchScreen.storyboard in Resources */,
				B54C29652380077B00B47C9C /* Assets.xcassets in Resources */,
				B54C29602380077600B47C9C /* Main.storyboard in Resources */,
			);
			runOnlyForDeploymentPostprocessing = 0;
		};
/* End PBXResourcesBuildPhase section */

/* Begin PBXSourcesBuildPhase section */
		B54C29512380077600B47C9C /* Sources */ = {
			isa = PBXSourcesBuildPhase;
			buildActionMask = 2147483647;
			files = (
				B54C295D2380077600B47C9C /* ViewController.swift in Sources */,
				B54C29632380077600B47C9C /* AppointmentManager.xcdatamodeld in Sources */,
				B54C29592380077600B47C9C /* AppDelegate.swift in Sources */,
				B54C295B2380077600B47C9C /* SceneDelegate.swift in Sources */,
			);
			runOnlyForDeploymentPostprocessing = 0;
		};
/* End PBXSourcesBuildPhase section */

/* Begin PBXVariantGroup section */
		B54C295E2380077600B47C9C /* Main.storyboard */ = {
			isa = PBXVariantGroup;
			children = (
				B54C295F2380077600B47C9C /* Base */,
			);
			name = Main.storyboard;
			sourceTree = "<group>";
		};
		B54C29662380077B00B47C9C /* LaunchScreen.storyboard */ = {
			isa = PBXVariantGroup;
			children = (
				B54C29672380077B00B47C9C /* Base */,
			);
			name = LaunchScreen.storyboard;
			sourceTree = "<group>";
		};
/* End PBXVariantGroup section */

/* Begin XCBuildConfiguration section */
		B54C296A2380077B00B47C9C /* Debug */ = {
			isa = XCBuildConfiguration;
			buildSettings = {
				ALWAYS_SEARCH_USER_PATHS = NO;
				CLANG_ANALYZER_NONNULL = YES;
				CLANG_ANALYZER_NUMBER_OBJECT_CONVERSION = YES_AGGRESSIVE;
				CLANG_CXX_LANGUAGE_STANDARD = "gnu++14";
				CLANG_CXX_LIBRARY = "libc++";
				CLANG_ENABLE_MODULES = YES;
				CLANG_ENABLE_OBJC_ARC = YES;
				CLANG_ENABLE_OBJC_WEAK = YES;
				CLANG_WARN_BLOCK_CAPTURE_AUTORELEASING = YES;
				CLANG_WARN_BOOL_CONVERSION = YES;
				CLANG_WARN_COMMA = YES;
				CLANG_WARN_CONSTANT_CONVERSION = YES;
				CLANG_WARN_DEPRECATED_OBJC_IMPLEMENTATIONS = YES;
				CLANG_WARN_DIRECT_OBJC_ISA_USAGE = YES_ERROR;
				CLANG_WARN_DOCUMENTATION_COMMENTS = YES;
				CLANG_WARN_EMPTY_BODY = YES;
				CLANG_WARN_ENUM_CONVERSION = YES;
				CLANG_WARN_INFINITE_RECURSION = YES;
				CLANG_WARN_INT_CONVERSION = YES;
				CLANG_WARN_NON_LITERAL_NULL_CONVERSION = YES;
				CLANG_WARN_OBJC_IMPLICIT_RETAIN_SELF = YES;
				CLANG_WARN_OBJC_LITERAL_CONVERSION = YES;
				CLANG_WARN_OBJC_ROOT_CLASS = YES_ERROR;
				CLANG_WARN_RANGE_LOOP_ANALYSIS = YES;
				CLANG_WARN_STRICT_PROTOTYPES = YES;
				CLANG_WARN_SUSPICIOUS_MOVE = YES;
				CLANG_WARN_UNGUARDED_AVAILABILITY = YES_AGGRESSIVE;
				CLANG_WARN_UNREACHABLE_CODE = YES;
				CLANG_WARN__DUPLICATE_METHOD_MATCH = YES;
				COPY_PHASE_STRIP = NO;
				DEBUG_INFORMATION_FORMAT = dwarf;
				ENABLE_STRICT_OBJC_MSGSEND = YES;
				ENABLE_TESTABILITY = YES;
				GCC_C_LANGUAGE_STANDARD = gnu11;
				GCC_DYNAMIC_NO_PIC = NO;
				GCC_NO_COMMON_BLOCKS = YES;
				GCC_OPTIMIZATION_LEVEL = 0;
				GCC_PREPROCESSOR_DEFINITIONS = (
					"DEBUG=1",
					"$(inherited)",
				);
				GCC_WARN_64_TO_32_BIT_CONVERSION = YES;
				GCC_WARN_ABOUT_RETURN_TYPE = YES_ERROR;
				GCC_WARN_UNDECLARED_SELECTOR = YES;
				GCC_WARN_UNINITIALIZED_AUTOS = YES_AGGRESSIVE;
				GCC_WARN_UNUSED_FUNCTION = YES;
				GCC_WARN_UNUSED_VARIABLE = YES;
				IPHONEOS_DEPLOYMENT_TARGET = 13.2;
				MTL_ENABLE_DEBUG_INFO = INCLUDE_SOURCE;
				MTL_FAST_MATH = YES;
				ONLY_ACTIVE_ARCH = YES;
				SDKROOT = iphoneos;
				SWIFT_ACTIVE_COMPILATION_CONDITIONS = DEBUG;
				SWIFT_OPTIMIZATION_LEVEL = "-Onone";
			};
			name = Debug;
		};
		B54C296B2380077B00B47C9C /* Release */ = {
			isa = XCBuildConfiguration;
			buildSettings = {
				ALWAYS_SEARCH_USER_PATHS = NO;
				CLANG_ANALYZER_NONNULL = YES;
				CLANG_ANALYZER_NUMBER_OBJECT_CONVERSION = YES_AGGRESSIVE;
				CLANG_CXX_LANGUAGE_STANDARD = "gnu++14";
				CLANG_CXX_LIBRARY = "libc++";
				CLANG_ENABLE_MODULES = YES;
				CLANG_ENABLE_OBJC_ARC = YES;
				CLANG_ENABLE_OBJC_WEAK = YES;
				CLANG_WARN_BLOCK_CAPTURE_AUTORELEASING = YES;
				CLANG_WARN_BOOL_CONVERSION = YES;
				CLANG_WARN_COMMA = YES;
				CLANG_WARN_CONSTANT_CONVERSION = YES;
				CLANG_WARN_DEPRECATED_OBJC_IMPLEMENTATIONS = YES;
				CLANG_WARN_DIRECT_OBJC_ISA_USAGE = YES_ERROR;
				CLANG_WARN_DOCUMENTATION_COMMENTS = YES;
				CLANG_WARN_EMPTY_BODY = YES;
				CLANG_WARN_ENUM_CONVERSION = YES;
				CLANG_WARN_INFINITE_RECURSION = YES;
				CLANG_WARN_INT_CONVERSION = YES;
				CLANG_WARN_NON_LITERAL_NULL_CONVERSION = YES;
				CLANG_WARN_OBJC_IMPLICIT_RETAIN_SELF = YES;
				CLANG_WARN_OBJC_LITERAL_CONVERSION = YES;
				CLANG_WARN_OBJC_ROOT_CLASS = YES_ERROR;
				CLANG_WARN_RANGE_LOOP_ANALYSIS = YES;
				CLANG_WARN_STRICT_PROTOTYPES = YES;
				CLANG_WARN_SUSPICIOUS_MOVE = YES;
				CLANG_WARN_UNGUARDED_AVAILABILITY = YES_AGGRESSIVE;
				CLANG_WARN_UNREACHABLE_CODE = YES;
				CLANG_WARN__DUPLICATE_METHOD_MATCH = YES;
				COPY_PHASE_STRIP = NO;
				DEBUG_INFORMATION_FORMAT = "dwarf-with-dsym";
				ENABLE_NS_ASSERTIONS = NO;
				ENABLE_STRICT_OBJC_MSGSEND = YES;
				GCC_C_LANGUAGE_STANDARD = gnu11;
				GCC_NO_COMMON_BLOCKS = YES;
				GCC_WARN_64_TO_32_BIT_CONVERSION = YES;
				GCC_WARN_ABOUT_RETURN_TYPE = YES_ERROR;
				GCC_WARN_UNDECLARED_SELECTOR = YES;
				GCC_WARN_UNINITIALIZED_AUTOS = YES_AGGRESSIVE;
				GCC_WARN_UNUSED_FUNCTION = YES;
				GCC_WARN_UNUSED_VARIABLE = YES;
				IPHONEOS_DEPLOYMENT_TARGET = 13.2;
				MTL_ENABLE_DEBUG_INFO = NO;
				MTL_FAST_MATH = YES;
				SDKROOT = iphoneos;
				SWIFT_COMPILATION_MODE = wholemodule;
				SWIFT_OPTIMIZATION_LEVEL = "-O";
				VALIDATE_PRODUCT = YES;
			};
			name = Release;
		};
		B54C296D2380077B00B47C9C /* Debug */ = {
			isa = XCBuildConfiguration;
			buildSettings = {
				ASSETCATALOG_COMPILER_APPICON_NAME = AppIcon;
				CODE_SIGN_STYLE = Automatic;
				DEVELOPMENT_TEAM = L8BUP5SJN2;
				INFOPLIST_FILE = AppointmentManager/Info.plist;
				LD_RUNPATH_SEARCH_PATHS = (
					"$(inherited)",
					"@executable_path/Frameworks",
				);
				PRODUCT_BUNDLE_IDENTIFIER = com.calinjula.AppointmentManager;
				PRODUCT_NAME = "$(TARGET_NAME)";
				SWIFT_VERSION = 5.0;
				TARGETED_DEVICE_FAMILY = "1,2";
			};
			name = Debug;
		};
		B54C296E2380077B00B47C9C /* Release */ = {
			isa = XCBuildConfiguration;
			buildSettings = {
				ASSETCATALOG_COMPILER_APPICON_NAME = AppIcon;
				CODE_SIGN_STYLE = Automatic;
				DEVELOPMENT_TEAM = L8BUP5SJN2;
				INFOPLIST_FILE = AppointmentManager/Info.plist;
				LD_RUNPATH_SEARCH_PATHS = (
					"$(inherited)",
					"@executable_path/Frameworks",
				);
				PRODUCT_BUNDLE_IDENTIFIER = com.calinjula.AppointmentManager;
				PRODUCT_NAME = "$(TARGET_NAME)";
				SWIFT_VERSION = 5.0;
				TARGETED_DEVICE_FAMILY = "1,2";
			};
			name = Release;
		};
/* End XCBuildConfiguration section */

/* Begin XCConfigurationList section */
		B54C29502380077600B47C9C /* Build configuration list for PBXProject "AppointmentManager" */ = {
			isa = XCConfigurationList;
			buildConfigurations = (
				B54C296A2380077B00B47C9C /* Debug */,
				B54C296B2380077B00B47C9C /* Release */,
			);
			defaultConfigurationIsVisible = 0;
			defaultConfigurationName = Release;
		};
		B54C296C2380077B00B47C9C /* Build configuration list for PBXNativeTarget "AppointmentManager" */ = {
			isa = XCConfigurationList;
			buildConfigurations = (
				B54C296D2380077B00B47C9C /* Debug */,
				B54C296E2380077B00B47C9C /* Release */,
			);
			defaultConfigurationIsVisible = 0;
			defaultConfigurationName = Release;
		};
/* End XCConfigurationList section */

/* Begin XCVersionGroup section */
		B54C29612380077600B47C9C /* AppointmentManager.xcdatamodeld */ = {
			isa = XCVersionGroup;
			children = (
				B54C29622380077600B47C9C /* AppointmentManager.xcdatamodel */,
			);
			currentVersion = B54C29622380077600B47C9C /* AppointmentManager.xcdatamodel */;
			path = AppointmentManager.xcdatamodeld;
			sourceTree = "<group>";
			versionGroupType = wrapper.xcdatamodel;
		};
/* End XCVersionGroup section */
	};
	rootObject = B54C294D2380077600B47C9C /* Project object */;
}
